# This file is autogenerated, do not edit; changes may be undone by the next 'dep ensure'.


[[projects]]
  name = "github.com/quoeamaster/CFactor"
  packages = ["TOML"]
  revision = "88dc6f6b3836d6b1071dcf96dc4d1297af6ee3cf"
  version = "v0.1.2"

[[projects]]
  name = "gopkg.in/urfave/cli.v1"
  packages = ["."]
  revision = "cfb38830724cc34fedffe9a2a29fb54fa9169cd1"
  version = "v1.20.0"

[solve-meta]
  analyzer-name = "dep"
  analyzer-version = 1
  inputs-digest = "c45254d22e7e6ed5725bbebdf3beb1fcb9b264cafd153b41c44684bda1ee37ee"
  solver-name = "gps-cdcl"
  solver-version = 1
