# This file is autogenerated, do not edit; changes may be undone by the next 'dep ensure'.


[[projects]]
  name = "github.com/emicklei/go-restful"
  packages = [
    ".",
    "log"
  ]
  revision = "3658237ded108b4134956c1b3050349d93e7b895"
  version = "v2.7.1"

[[projects]]
  branch = "master"
  name = "github.com/golang/snappy"
  packages = ["."]
  revision = "2e65f85255dbc3072edf28d6b5b8efc472979f5a"

[[projects]]
  branch = "master"
  name = "github.com/kjk/betterguid"
  packages = ["."]
  revision = "c442874ba63a7beb6c8b6f14ad1675de747b7f71"

[[projects]]
  branch = "master"
  name = "github.com/quoeamaster/CFactor"
  packages = ["TOML"]
  revision = "88dc6f6b3836d6b1071dcf96dc4d1297af6ee3cf"

[[projects]]
  branch = "master"
  name = "github.com/quoeamaster/queplugin"
  packages = ["."]
  revision = "8289aae3e9aaa9fcd036f4a058cf01583adbc7d1"

[[projects]]
  branch = "master"
  name = "github.com/quoeamaster/queutil"
  packages = ["."]
  revision = "c293ce2d270f730012ef65c97dd50ca28adf8898"

[[projects]]
  name = "github.com/theckman/go-flock"
  packages = ["."]
  revision = "b139a2487364247d91814e4a7c7b8fdc69e342b2"
  version = "v0.4.0"

[[projects]]
  name = "gopkg.in/linkedin/goavro.v2"
  packages = ["."]
  revision = "fa8f6a30176ce945e115db0afad95ede93725eec"
  version = "v2.3.0"

[[projects]]
  name = "gopkg.in/natefinch/lumberjack.v2"
  packages = ["."]
  revision = "a96e63847dc3c67d17befa69c303767e2f84e54f"
  version = "v2.1"

[[projects]]
  name = "gopkg.in/urfave/cli.v1"
  packages = ["."]
  revision = "cfb38830724cc34fedffe9a2a29fb54fa9169cd1"
  version = "v1.20.0"

[solve-meta]
  analyzer-name = "dep"
  analyzer-version = 1
  inputs-digest = "52e018952954b63576e7762c37e805f5163f6320c19e64d4e1d6b456161c357a"
  solver-name = "gps-cdcl"
  solver-version = 1
