# This file is autogenerated, do not edit; changes may be undone by the next 'dep ensure'.


[[projects]]
  name = "github.com/emicklei/go-restful"
  packages = [
    ".",
    "log"
  ]
  revision = "3eb9738c1697594ea6e71a7156a9bb32ed216cf0"
  version = "v2.8.0"

[[projects]]
  branch = "master"
  name = "github.com/golang/snappy"
  packages = ["."]
  revision = "2e65f85255dbc3072edf28d6b5b8efc472979f5a"

[[projects]]
  name = "github.com/json-iterator/go"
  packages = ["."]
  revision = "1624edc4454b8682399def8740d46db5e4362ba4"
  version = "1.1.5"

[[projects]]
  branch = "master"
  name = "github.com/kjk/betterguid"
  packages = ["."]
  revision = "c442874ba63a7beb6c8b6f14ad1675de747b7f71"

[[projects]]
  name = "github.com/modern-go/concurrent"
  packages = ["."]
  revision = "bacd9c7ef1dd9b15be4a9909b8ac7a4e313eec94"
  version = "1.0.3"

[[projects]]
  name = "github.com/modern-go/reflect2"
  packages = ["."]
  revision = "4b7aa43c6742a2c18fdef89dd197aaae7dac7ccd"
  version = "1.0.1"

[[projects]]
  branch = "master"
  name = "github.com/quoeamaster/CFactor"
  packages = [
    "TOML",
    "common",
    "interfaces"
  ]
  revision = "e09ebfd9cf4047a45b73942cf411b9ffe6b50745"

[[projects]]
  branch = "master"
  name = "github.com/quoeamaster/queplugin"
  packages = ["."]
  revision = "7d52b401237a73db4556988ef009ca482e94a89c"

[[projects]]
  branch = "master"
  name = "github.com/quoeamaster/queutil"
  packages = ["."]
  revision = "e7a3fd2a1fc5cafc52ddd32428c1bc6aabf5ac60"

[[projects]]
  name = "github.com/theckman/go-flock"
  packages = ["."]
  revision = "b139a2487364247d91814e4a7c7b8fdc69e342b2"
  version = "v0.4.0"

[[projects]]
  name = "gopkg.in/linkedin/goavro.v2"
  packages = ["."]
  revision = "fa8f6a30176ce945e115db0afad95ede93725eec"
  version = "v2.3.0"

[[projects]]
  name = "gopkg.in/natefinch/lumberjack.v2"
  packages = ["."]
  revision = "a96e63847dc3c67d17befa69c303767e2f84e54f"
  version = "v2.1"

[[projects]]
  name = "gopkg.in/urfave/cli.v1"
  packages = ["."]
  revision = "cfb38830724cc34fedffe9a2a29fb54fa9169cd1"
  version = "v1.20.0"

[solve-meta]
  analyzer-name = "dep"
  analyzer-version = 1
  inputs-digest = "04c7dc4f7fe9123b661146ac67744aa690a3f7d3660b9f43700411df374dc125"
  solver-name = "gps-cdcl"
  solver-version = 1
